
Microsoft Visual Studio Solution File, Format Version 12.00
# Visual Studio Version 16
VisualStudioVersion = 16.0.30002.166
MinimumVisualStudioVersion = 10.0.40219.1
Project("{9A19103F-16F7-4668-BE54-9A1E7A4F7556}") = "WebAPI", "WebAPI\WebAPI.csproj", "{90C592A0-38D1-4C19-A67A-F1830314A8EE}"
EndProject
Project("{FAE04EC0-301F-11D3-BF4B-00C04F79EFBC}") = "MainConsoleApp", "MainConsoleApp\MainConsoleApp.csproj", "{4158D9C8-12EC-4F2C-A846-503380A2559E}"
EndProject
Project("{FAE04EC0-301F-11D3-BF4B-00C04F79EFBC}") = "WebAPI.Tests", "WebAPI.Tests\WebAPI.Tests.csproj", "{8DFE6120-EF16-43DF-93FC-21D1C45712D4}"
EndProject
Global
	GlobalSection(SolutionConfigurationPlatforms) = preSolution
		Debug|Any CPU = Debug|Any CPU
		Release|Any CPU = Release|Any CPU
	EndGlobalSection
	GlobalSection(ProjectConfigurationPlatforms) = postSolution
		{90C592A0-38D1-4C19-A67A-F1830314A8EE}.Debug|Any CPU.ActiveCfg = Debug|Any CPU
		{90C592A0-38D1-4C19-A67A-F1830314A8EE}.Debug|Any CPU.Build.0 = Debug|Any CPU
		{90C592A0-38D1-4C19-A67A-F1830314A8EE}.Release|Any CPU.ActiveCfg = Release|Any CPU
		{90C592A0-38D1-4C19-A67A-F1830314A8EE}.Release|Any CPU.Build.0 = Release|Any CPU
		{4158D9C8-12EC-4F2C-A846-503380A2559E}.Debug|Any CPU.ActiveCfg = Debug|Any CPU
		{4158D9C8-12EC-4F2C-A846-503380A2559E}.Debug|Any CPU.Build.0 = Debug|Any CPU
		{4158D9C8-12EC-4F2C-A846-503380A2559E}.Release|Any CPU.ActiveCfg = Release|Any CPU
		{4158D9C8-12EC-4F2C-A846-503380A2559E}.Release|Any CPU.Build.0 = Release|Any CPU
		{8DFE6120-EF16-43DF-93FC-21D1C45712D4}.Debug|Any CPU.ActiveCfg = Debug|Any CPU
		{8DFE6120-EF16-43DF-93FC-21D1C45712D4}.Debug|Any CPU.Build.0 = Debug|Any CPU
		{8DFE6120-EF16-43DF-93FC-21D1C45712D4}.Release|Any CPU.ActiveCfg = Release|Any CPU
		{8DFE6120-EF16-43DF-93FC-21D1C45712D4}.Release|Any CPU.Build.0 = Release|Any CPU
	EndGlobalSection
	GlobalSection(SolutionProperties) = preSolution
		HideSolutionNode = FALSE
	EndGlobalSection
	GlobalSection(ExtensibilityGlobals) = postSolution
		SolutionGuid = {FED69E16-871E-46D3-8045-D8FB10452A95}
	EndGlobalSection
EndGlobal
